# This file is automatically @generated by Cargo.
# It is not intended for manual editing.
version = 4

[[package]]
name = "core"
version = "0.1.0"

[[package]]
name = "greedy-scheduler"
version = "0.1.0"

[[patch.unused]]
name = "rts-alloc"
version = "1.0.0"
source = "git+https://github.com/anza-xyz/rts-alloc#d8dbbe00795f36bb92d5def45c332383fb85d615"
